# This file is automatically @generated by Cargo.
# It is not intended for manual editing.
version = 3

[[package]]
name = "inner"
version = "0.1.0"

[[package]]
name = "outer"
version = "0.1.0"
dependencies = [
 "inner",
 "test-rustdoc",
]

[[package]]
name = "test-rustdoc"
version = "0.1.0"
source = "git+https://github.com/vramana/test-rustdoc#16f644357f8e64388dd1cc4c58492785078238cb"
